// !$*UTF8*$!
{
	archiveVersion = 1;
	classes = {
	};
	objectVersion = 46;
	objects = {

/* Begin PBXBuildFile section */
		146F897E1EE838AD00F00836 /* Constant.swift in Sources */ = {isa = PBXBuildFile; fileRef = 146F897D1EE838AD00F00836 /* Constant.swift */; };
		146F89821EE8583300F00836 /* ExploreCell.swift in Sources */ = {isa = PBXBuildFile; fileRef = 146F89811EE8583300F00836 /* ExploreCell.swift */; };
		14A2BCF21EF685DD00976A0D /* LoanCell.swift in Sources */ = {isa = PBXBuildFile; fileRef = 14A2BCF11EF685DD00976A0D /* LoanCell.swift */; };
		14A2BCF41EF6867A00976A0D /* LoanController.swift in Sources */ = {isa = PBXBuildFile; fileRef = 14A2BCF31EF6867A00976A0D /* LoanController.swift */; };
		14A2BCF61EF688A300976A0D /* LoanCollection.swift in Sources */ = {isa = PBXBuildFile; fileRef = 14A2BCF51EF688A300976A0D /* LoanCollection.swift */; };
		14B996FD1EE75294003A8D91 /* ExploreController.swift in Sources */ = {isa = PBXBuildFile; fileRef = 14B996FC1EE75293003A8D91 /* ExploreController.swift */; };
		14C74C8D1EF54272005D83D1 /* FullImageController.swift in Sources */ = {isa = PBXBuildFile; fileRef = 14C74C891EF54272005D83D1 /* FullImageController.swift */; };
		14C74C8E1EF54272005D83D1 /* ProfileController.swift in Sources */ = {isa = PBXBuildFile; fileRef = 14C74C8A1EF54272005D83D1 /* ProfileController.swift */; };
		14C74C8F1EF54272005D83D1 /* ReviewsCell.swift in Sources */ = {isa = PBXBuildFile; fileRef = 14C74C8B1EF54272005D83D1 /* ReviewsCell.swift */; };
		14E686941EF2A4B2009180A4 /* TabBarController.swift in Sources */ = {isa = PBXBuildFile; fileRef = 14E686931EF2A4B2009180A4 /* TabBarController.swift */; };
		45736E7E1EF2A21B0072DB63 /* DINPro-Black.otf in Resources */ = {isa = PBXBuildFile; fileRef = 45736E791EF2A21B0072DB63 /* DINPro-Black.otf */; };
		45736E7F1EF2A21B0072DB63 /* DINPro-Bold.otf in Resources */ = {isa = PBXBuildFile; fileRef = 45736E7A1EF2A21B0072DB63 /* DINPro-Bold.otf */; };
		45736E801EF2A21B0072DB63 /* DINPro-Light.otf in Resources */ = {isa = PBXBuildFile; fileRef = 45736E7B1EF2A21B0072DB63 /* DINPro-Light.otf */; };
		45736E811EF2A21B0072DB63 /* DINPro-Medium.otf in Resources */ = {isa = PBXBuildFile; fileRef = 45736E7C1EF2A21B0072DB63 /* DINPro-Medium.otf */; };
		45736E821EF2A21B0072DB63 /* DINPro-Regular.otf in Resources */ = {isa = PBXBuildFile; fileRef = 45736E7D1EF2A21B0072DB63 /* DINPro-Regular.otf */; };
		459F18BC1EF53F1F00784EC7 /* VarelaRoundregular.ttf in Resources */ = {isa = PBXBuildFile; fileRef = 459F18BB1EF53F1F00784EC7 /* VarelaRoundregular.ttf */; };
		45A1FCDE1EC70B45008CEF45 /* MainNavigationController.swift in Sources */ = {isa = PBXBuildFile; fileRef = 45A1FCDD1EC70B45008CEF45 /* MainNavigationController.swift */; };
		45A1FCE01EC71CBF008CEF45 /* LoginController.swift in Sources */ = {isa = PBXBuildFile; fileRef = 45A1FCDF1EC71CBF008CEF45 /* LoginController.swift */; };
		45B44AC61EF6DE4A00D5661E /* DetailCell.swift in Sources */ = {isa = PBXBuildFile; fileRef = 45B44AC51EF6DE4A00D5661E /* DetailCell.swift */; };
		45B44AC81EF6DE5700D5661E /* DetailController.swift in Sources */ = {isa = PBXBuildFile; fileRef = 45B44AC71EF6DE5700D5661E /* DetailController.swift */; };
		45F05F401EB23BF8000F44C6 /* Extensions.swift in Sources */ = {isa = PBXBuildFile; fileRef = 45F05F3F1EB23BF8000F44C6 /* Extensions.swift */; };
		45FB564F1EB11C8B00899C92 /* AppDelegate.swift in Sources */ = {isa = PBXBuildFile; fileRef = 45FB564E1EB11C8B00899C92 /* AppDelegate.swift */; };
		45FB56541EB11C8B00899C92 /* Main.storyboard in Resources */ = {isa = PBXBuildFile; fileRef = 45FB56521EB11C8B00899C92 /* Main.storyboard */; };
		45FB56561EB11C8B00899C92 /* Assets.xcassets in Resources */ = {isa = PBXBuildFile; fileRef = 45FB56551EB11C8B00899C92 /* Assets.xcassets */; };
		45FB56591EB11C8B00899C92 /* LaunchScreen.storyboard in Resources */ = {isa = PBXBuildFile; fileRef = 45FB56571EB11C8B00899C92 /* LaunchScreen.storyboard */; };
		45FB56641EB11C8B00899C92 /* Handy_26AprileTests.swift in Sources */ = {isa = PBXBuildFile; fileRef = 45FB56631EB11C8B00899C92 /* Handy_26AprileTests.swift */; };
		45FB566F1EB11C8B00899C92 /* Handy_26AprileUITests.swift in Sources */ = {isa = PBXBuildFile; fileRef = 45FB566E1EB11C8B00899C92 /* Handy_26AprileUITests.swift */; };
		45FB567D1EB126EB00899C92 /* PageCell.swift in Sources */ = {isa = PBXBuildFile; fileRef = 45FB567C1EB126EB00899C92 /* PageCell.swift */; };
		45FB56811EB152C500899C92 /* Page.swift in Sources */ = {isa = PBXBuildFile; fileRef = 45FB56801EB152C500899C92 /* Page.swift */; };
		792CED393B0D422C3B451A92 /* Pods_Handy_26AprileUITests.framework in Frameworks */ = {isa = PBXBuildFile; fileRef = C1D70C02B8D5ED3DE9A1B91C /* Pods_Handy_26AprileUITests.framework */; };
		A5161C2D68200C185D785177 /* Pods_Handy_26AprileTests.framework in Frameworks */ = {isa = PBXBuildFile; fileRef = D99F7B6D9DA7F2512DA37D0B /* Pods_Handy_26AprileTests.framework */; };
		B31DA74754E844EBF81AE817 /* Pods_Handy_26Aprile.framework in Frameworks */ = {isa = PBXBuildFile; fileRef = 9CFF9DBD1E5895D07E064CBB /* Pods_Handy_26Aprile.framework */; };
/* End PBXBuildFile section */

/* Begin PBXContainerItemProxy section */
		45FB56601EB11C8B00899C92 /* PBXContainerItemProxy */ = {
			isa = PBXContainerItemProxy;
			containerPortal = 45FB56431EB11C8B00899C92 /* Project object */;
			proxyType = 1;
			remoteGlobalIDString = 45FB564A1EB11C8B00899C92;
			remoteInfo = Handy_26Aprile;
		};
		45FB566B1EB11C8B00899C92 /* PBXContainerItemProxy */ = {
			isa = PBXContainerItemProxy;
			containerPortal = 45FB56431EB11C8B00899C92 /* Project object */;
			proxyType = 1;
			remoteGlobalIDString = 45FB564A1EB11C8B00899C92;
			remoteInfo = Handy_26Aprile;
		};
/* End PBXContainerItemProxy section */

/* Begin PBXFileReference section */
		146F897D1EE838AD00F00836 /* Constant.swift */ = {isa = PBXFileReference; fileEncoding = 4; lastKnownFileType = sourcecode.swift; path = Constant.swift; sourceTree = "<group>"; };
		146F89811EE8583300F00836 /* ExploreCell.swift */ = {isa = PBXFileReference; fileEncoding = 4; lastKnownFileType = sourcecode.swift; path = ExploreCell.swift; sourceTree = "<group>"; };
		14A2BCF11EF685DD00976A0D /* LoanCell.swift */ = {isa = PBXFileReference; fileEncoding = 4; lastKnownFileType = sourcecode.swift; path = LoanCell.swift; sourceTree = "<group>"; };
		14A2BCF31EF6867A00976A0D /* LoanController.swift */ = {isa = PBXFileReference; fileEncoding = 4; lastKnownFileType = sourcecode.swift; path = LoanController.swift; sourceTree = "<group>"; };
		14A2BCF51EF688A300976A0D /* LoanCollection.swift */ = {isa = PBXFileReference; fileEncoding = 4; lastKnownFileType = sourcecode.swift; path = LoanCollection.swift; sourceTree = "<group>"; };
		14B996FC1EE75293003A8D91 /* ExploreController.swift */ = {isa = PBXFileReference; fileEncoding = 4; lastKnownFileType = sourcecode.swift; path = ExploreController.swift; sourceTree = "<group>"; };
		14C74C891EF54272005D83D1 /* FullImageController.swift */ = {isa = PBXFileReference; fileEncoding = 4; lastKnownFileType = sourcecode.swift; path = FullImageController.swift; sourceTree = "<group>"; };
		14C74C8A1EF54272005D83D1 /* ProfileController.swift */ = {isa = PBXFileReference; fileEncoding = 4; lastKnownFileType = sourcecode.swift; path = ProfileController.swift; sourceTree = "<group>"; };
		14C74C8B1EF54272005D83D1 /* ReviewsCell.swift */ = {isa = PBXFileReference; fileEncoding = 4; lastKnownFileType = sourcecode.swift; path = ReviewsCell.swift; sourceTree = "<group>"; };
		14E686931EF2A4B2009180A4 /* TabBarController.swift */ = {isa = PBXFileReference; fileEncoding = 4; lastKnownFileType = sourcecode.swift; path = TabBarController.swift; sourceTree = "<group>"; };
		45736E791EF2A21B0072DB63 /* DINPro-Black.otf */ = {isa = PBXFileReference; lastKnownFileType = file; name = "DINPro-Black.otf"; path = "Resources/DINPro-Black.otf"; sourceTree = "<group>"; };
		45736E7A1EF2A21B0072DB63 /* DINPro-Bold.otf */ = {isa = PBXFileReference; lastKnownFileType = file; name = "DINPro-Bold.otf"; path = "Resources/DINPro-Bold.otf"; sourceTree = "<group>"; };
		45736E7B1EF2A21B0072DB63 /* DINPro-Light.otf */ = {isa = PBXFileReference; lastKnownFileType = file; name = "DINPro-Light.otf"; path = "Resources/DINPro-Light.otf"; sourceTree = "<group>"; };
		45736E7C1EF2A21B0072DB63 /* DINPro-Medium.otf */ = {isa = PBXFileReference; lastKnownFileType = file; name = "DINPro-Medium.otf"; path = "Resources/DINPro-Medium.otf"; sourceTree = "<group>"; };
		45736E7D1EF2A21B0072DB63 /* DINPro-Regular.otf */ = {isa = PBXFileReference; lastKnownFileType = file; name = "DINPro-Regular.otf"; path = "Resources/DINPro-Regular.otf"; sourceTree = "<group>"; };
		459F18BB1EF53F1F00784EC7 /* VarelaRoundregular.ttf */ = {isa = PBXFileReference; lastKnownFileType = file; name = VarelaRoundregular.ttf; path = Resources/VarelaRoundregular.ttf; sourceTree = "<group>"; };
		45A1FCDD1EC70B45008CEF45 /* MainNavigationController.swift */ = {isa = PBXFileReference; fileEncoding = 4; lastKnownFileType = sourcecode.swift; path = MainNavigationController.swift; sourceTree = "<group>"; };
		45A1FCDF1EC71CBF008CEF45 /* LoginController.swift */ = {isa = PBXFileReference; fileEncoding = 4; lastKnownFileType = sourcecode.swift; path = LoginController.swift; sourceTree = "<group>"; };
		45B44AC51EF6DE4A00D5661E /* DetailCell.swift */ = {isa = PBXFileReference; fileEncoding = 4; lastKnownFileType = sourcecode.swift; path = DetailCell.swift; sourceTree = "<group>"; };
		45B44AC71EF6DE5700D5661E /* DetailController.swift */ = {isa = PBXFileReference; fileEncoding = 4; lastKnownFileType = sourcecode.swift; path = DetailController.swift; sourceTree = "<group>"; };
		45F05F3F1EB23BF8000F44C6 /* Extensions.swift */ = {isa = PBXFileReference; fileEncoding = 4; lastKnownFileType = sourcecode.swift; path = Extensions.swift; sourceTree = "<group>"; };
		45FB564B1EB11C8B00899C92 /* Handy_26Aprile.app */ = {isa = PBXFileReference; explicitFileType = wrapper.application; includeInIndex = 0; path = Handy_26Aprile.app; sourceTree = BUILT_PRODUCTS_DIR; };
		45FB564E1EB11C8B00899C92 /* AppDelegate.swift */ = {isa = PBXFileReference; lastKnownFileType = sourcecode.swift; path = AppDelegate.swift; sourceTree = "<group>"; };
		45FB56531EB11C8B00899C92 /* Base */ = {isa = PBXFileReference; lastKnownFileType = file.storyboard; name = Base; path = Base.lproj/Main.storyboard; sourceTree = "<group>"; };
		45FB56551EB11C8B00899C92 /* Assets.xcassets */ = {isa = PBXFileReference; lastKnownFileType = folder.assetcatalog; path = Assets.xcassets; sourceTree = "<group>"; };
		45FB56581EB11C8B00899C92 /* Base */ = {isa = PBXFileReference; lastKnownFileType = file.storyboard; name = Base; path = Base.lproj/LaunchScreen.storyboard; sourceTree = "<group>"; };
		45FB565A1EB11C8B00899C92 /* Info.plist */ = {isa = PBXFileReference; lastKnownFileType = text.plist.xml; path = Info.plist; sourceTree = "<group>"; };
		45FB565F1EB11C8B00899C92 /* Handy_26AprileTests.xctest */ = {isa = PBXFileReference; explicitFileType = wrapper.cfbundle; includeInIndex = 0; path = Handy_26AprileTests.xctest; sourceTree = BUILT_PRODUCTS_DIR; };
		45FB56631EB11C8B00899C92 /* Handy_26AprileTests.swift */ = {isa = PBXFileReference; lastKnownFileType = sourcecode.swift; path = Handy_26AprileTests.swift; sourceTree = "<group>"; };
		45FB56651EB11C8B00899C92 /* Info.plist */ = {isa = PBXFileReference; lastKnownFileType = text.plist.xml; path = Info.plist; sourceTree = "<group>"; };
		45FB566A1EB11C8B00899C92 /* Handy_26AprileUITests.xctest */ = {isa = PBXFileReference; explicitFileType = wrapper.cfbundle; includeInIndex = 0; path = Handy_26AprileUITests.xctest; sourceTree = BUILT_PRODUCTS_DIR; };
		45FB566E1EB11C8B00899C92 /* Handy_26AprileUITests.swift */ = {isa = PBXFileReference; lastKnownFileType = sourcecode.swift; path = Handy_26AprileUITests.swift; sourceTree = "<group>"; };
		45FB56701EB11C8B00899C92 /* Info.plist */ = {isa = PBXFileReference; lastKnownFileType = text.plist.xml; path = Info.plist; sourceTree = "<group>"; };
		45FB567C1EB126EB00899C92 /* PageCell.swift */ = {isa = PBXFileReference; fileEncoding = 4; lastKnownFileType = sourcecode.swift; path = PageCell.swift; sourceTree = "<group>"; };
		45FB56801EB152C500899C92 /* Page.swift */ = {isa = PBXFileReference; fileEncoding = 4; lastKnownFileType = sourcecode.swift; path = Page.swift; sourceTree = "<group>"; };
		4D2FB85B0F1CD60BDFCEB8A3 /* Pods-Handy_26Aprile.debug.xcconfig */ = {isa = PBXFileReference; includeInIndex = 1; lastKnownFileType = text.xcconfig; name = "Pods-Handy_26Aprile.debug.xcconfig"; path = "Pods/Target Support Files/Pods-Handy_26Aprile/Pods-Handy_26Aprile.debug.xcconfig"; sourceTree = "<group>"; };
		621D6BD366F62C3FB0608DD4 /* Pods-Handy_26AprileUITests.debug.xcconfig */ = {isa = PBXFileReference; includeInIndex = 1; lastKnownFileType = text.xcconfig; name = "Pods-Handy_26AprileUITests.debug.xcconfig"; path = "Pods/Target Support Files/Pods-Handy_26AprileUITests/Pods-Handy_26AprileUITests.debug.xcconfig"; sourceTree = "<group>"; };
		86F085F5EB820055027502AF /* Pods-Handy_26AprileTests.release.xcconfig */ = {isa = PBXFileReference; includeInIndex = 1; lastKnownFileType = text.xcconfig; name = "Pods-Handy_26AprileTests.release.xcconfig"; path = "Pods/Target Support Files/Pods-Handy_26AprileTests/Pods-Handy_26AprileTests.release.xcconfig"; sourceTree = "<group>"; };
		9CFF9DBD1E5895D07E064CBB /* Pods_Handy_26Aprile.framework */ = {isa = PBXFileReference; explicitFileType = wrapper.framework; includeInIndex = 0; path = Pods_Handy_26Aprile.framework; sourceTree = BUILT_PRODUCTS_DIR; };
		A4C97DE1FDC4A8DC03F0D2D9 /* Pods-Handy_26AprileTests.debug.xcconfig */ = {isa = PBXFileReference; includeInIndex = 1; lastKnownFileType = text.xcconfig; name = "Pods-Handy_26AprileTests.debug.xcconfig"; path = "Pods/Target Support Files/Pods-Handy_26AprileTests/Pods-Handy_26AprileTests.debug.xcconfig"; sourceTree = "<group>"; };
		B5813AE30ADEC4322CA7B732 /* Pods-Handy_26Aprile.release.xcconfig */ = {isa = PBXFileReference; includeInIndex = 1; lastKnownFileType = text.xcconfig; name = "Pods-Handy_26Aprile.release.xcconfig"; path = "Pods/Target Support Files/Pods-Handy_26Aprile/Pods-Handy_26Aprile.release.xcconfig"; sourceTree = "<group>"; };
		C1D70C02B8D5ED3DE9A1B91C /* Pods_Handy_26AprileUITests.framework */ = {isa = PBXFileReference; explicitFileType = wrapper.framework; includeInIndex = 0; path = Pods_Handy_26AprileUITests.framework; sourceTree = BUILT_PRODUCTS_DIR; };
		D99F7B6D9DA7F2512DA37D0B /* Pods_Handy_26AprileTests.framework */ = {isa = PBXFileReference; explicitFileType = wrapper.framework; includeInIndex = 0; path = Pods_Handy_26AprileTests.framework; sourceTree = BUILT_PRODUCTS_DIR; };
		F662F5CFFE84C6C4085BB962 /* Pods-Handy_26AprileUITests.release.xcconfig */ = {isa = PBXFileReference; includeInIndex = 1; lastKnownFileType = text.xcconfig; name = "Pods-Handy_26AprileUITests.release.xcconfig"; path = "Pods/Target Support Files/Pods-Handy_26AprileUITests/Pods-Handy_26AprileUITests.release.xcconfig"; sourceTree = "<group>"; };
/* End PBXFileReference section */

/* Begin PBXFrameworksBuildPhase section */
		45FB56481EB11C8B00899C92 /* Frameworks */ = {
			isa = PBXFrameworksBuildPhase;
			buildActionMask = 2147483647;
			files = (
				B31DA74754E844EBF81AE817 /* Pods_Handy_26Aprile.framework in Frameworks */,
			);
			runOnlyForDeploymentPostprocessing = 0;
		};
		45FB565C1EB11C8B00899C92 /* Frameworks */ = {
			isa = PBXFrameworksBuildPhase;
			buildActionMask = 2147483647;
			files = (
				A5161C2D68200C185D785177 /* Pods_Handy_26AprileTests.framework in Frameworks */,
			);
			runOnlyForDeploymentPostprocessing = 0;
		};
		45FB56671EB11C8B00899C92 /* Frameworks */ = {
			isa = PBXFrameworksBuildPhase;
			buildActionMask = 2147483647;
			files = (
				792CED393B0D422C3B451A92 /* Pods_Handy_26AprileUITests.framework in Frameworks */,
			);
			runOnlyForDeploymentPostprocessing = 0;
		};
/* End PBXFrameworksBuildPhase section */

/* Begin PBXGroup section */
		45736E781EF2A1FC0072DB63 /* Resources */ = {
			isa = PBXGroup;
			children = (
				459F18BB1EF53F1F00784EC7 /* VarelaRoundregular.ttf */,
				45736E791EF2A21B0072DB63 /* DINPro-Black.otf */,
				45736E7A1EF2A21B0072DB63 /* DINPro-Bold.otf */,
				45736E7B1EF2A21B0072DB63 /* DINPro-Light.otf */,
				45736E7C1EF2A21B0072DB63 /* DINPro-Medium.otf */,
				45736E7D1EF2A21B0072DB63 /* DINPro-Regular.otf */,
			);
			name = Resources;
			sourceTree = "<group>";
		};
		45B44AC11EF6DD0900D5661E /* Controllers */ = {
			isa = PBXGroup;
			children = (
				45A1FCDF1EC71CBF008CEF45 /* LoginController.swift */,
				14C74C891EF54272005D83D1 /* FullImageController.swift */,
				45B44AC71EF6DE5700D5661E /* DetailController.swift */,
				14C74C8A1EF54272005D83D1 /* ProfileController.swift */,
				14A2BCF31EF6867A00976A0D /* LoanController.swift */,
				14B996FC1EE75293003A8D91 /* ExploreController.swift */,
				14E686931EF2A4B2009180A4 /* TabBarController.swift */,
			);
			name = Controllers;
			sourceTree = "<group>";
		};
		45B44AC21EF6DD3800D5661E /* Views */ = {
			isa = PBXGroup;
			children = (
				14C74C8B1EF54272005D83D1 /* ReviewsCell.swift */,
				45B44AC51EF6DE4A00D5661E /* DetailCell.swift */,
				146F89811EE8583300F00836 /* ExploreCell.swift */,
				14A2BCF11EF685DD00976A0D /* LoanCell.swift */,
				14A2BCF51EF688A300976A0D /* LoanCollection.swift */,
				45FB567C1EB126EB00899C92 /* PageCell.swift */,
			);
			name = Views;
			sourceTree = "<group>";
		};
		45B44AC31EF6DD4500D5661E /* Helpers */ = {
			isa = PBXGroup;
			children = (
				45F05F3F1EB23BF8000F44C6 /* Extensions.swift */,
				146F897D1EE838AD00F00836 /* Constant.swift */,
			);
			name = Helpers;
			sourceTree = "<group>";
		};
		45B44AC41EF6DD7E00D5661E /* Models */ = {
			isa = PBXGroup;
			children = (
				45FB56801EB152C500899C92 /* Page.swift */,
			);
			name = Models;
			sourceTree = "<group>";
		};
		45FB56421EB11C8B00899C92 = {
			isa = PBXGroup;
			children = (
				45FB564D1EB11C8B00899C92 /* Handy_26Aprile */,
				45FB56621EB11C8B00899C92 /* Handy_26AprileTests */,
				45FB566D1EB11C8B00899C92 /* Handy_26AprileUITests */,
				45FB564C1EB11C8B00899C92 /* Products */,
				F0D316AC541CEFDAA9532EBE /* Frameworks */,
				63CAA9ADB3961C99D852E0D4 /* Pods */,
			);
			sourceTree = "<group>";
		};
		45FB564C1EB11C8B00899C92 /* Products */ = {
			isa = PBXGroup;
			children = (
				45FB564B1EB11C8B00899C92 /* Handy_26Aprile.app */,
				45FB565F1EB11C8B00899C92 /* Handy_26AprileTests.xctest */,
				45FB566A1EB11C8B00899C92 /* Handy_26AprileUITests.xctest */,
			);
			name = Products;
			sourceTree = "<group>";
		};
		45FB564D1EB11C8B00899C92 /* Handy_26Aprile */ = {
			isa = PBXGroup;
			children = (
				45FB564E1EB11C8B00899C92 /* AppDelegate.swift */,
				45736E781EF2A1FC0072DB63 /* Resources */,
				45B44AC11EF6DD0900D5661E /* Controllers */,
				45B44AC41EF6DD7E00D5661E /* Models */,
				45B44AC21EF6DD3800D5661E /* Views */,
				45FB56521EB11C8B00899C92 /* Main.storyboard */,
				45FB56551EB11C8B00899C92 /* Assets.xcassets */,
				45FB56571EB11C8B00899C92 /* LaunchScreen.storyboard */,
				45FB565A1EB11C8B00899C92 /* Info.plist */,
				45B44AC31EF6DD4500D5661E /* Helpers */,
				45A1FCDD1EC70B45008CEF45 /* MainNavigationController.swift */,
			);
			path = Handy_26Aprile;
			sourceTree = "<group>";
		};
		45FB56621EB11C8B00899C92 /* Handy_26AprileTests */ = {
			isa = PBXGroup;
			children = (
				45FB56631EB11C8B00899C92 /* Handy_26AprileTests.swift */,
				45FB56651EB11C8B00899C92 /* Info.plist */,
			);
			path = Handy_26AprileTests;
			sourceTree = "<group>";
		};
		45FB566D1EB11C8B00899C92 /* Handy_26AprileUITests */ = {
			isa = PBXGroup;
			children = (
				45FB566E1EB11C8B00899C92 /* Handy_26AprileUITests.swift */,
				45FB56701EB11C8B00899C92 /* Info.plist */,
			);
			path = Handy_26AprileUITests;
			sourceTree = "<group>";
		};
		63CAA9ADB3961C99D852E0D4 /* Pods */ = {
			isa = PBXGroup;
			children = (
				4D2FB85B0F1CD60BDFCEB8A3 /* Pods-Handy_26Aprile.debug.xcconfig */,
				B5813AE30ADEC4322CA7B732 /* Pods-Handy_26Aprile.release.xcconfig */,
				A4C97DE1FDC4A8DC03F0D2D9 /* Pods-Handy_26AprileTests.debug.xcconfig */,
				86F085F5EB820055027502AF /* Pods-Handy_26AprileTests.release.xcconfig */,
				621D6BD366F62C3FB0608DD4 /* Pods-Handy_26AprileUITests.debug.xcconfig */,
				F662F5CFFE84C6C4085BB962 /* Pods-Handy_26AprileUITests.release.xcconfig */,
			);
			name = Pods;
			sourceTree = "<group>";
		};
		F0D316AC541CEFDAA9532EBE /* Frameworks */ = {
			isa = PBXGroup;
			children = (
				9CFF9DBD1E5895D07E064CBB /* Pods_Handy_26Aprile.framework */,
				D99F7B6D9DA7F2512DA37D0B /* Pods_Handy_26AprileTests.framework */,
				C1D70C02B8D5ED3DE9A1B91C /* Pods_Handy_26AprileUITests.framework */,
			);
			name = Frameworks;
			sourceTree = "<group>";
		};
/* End PBXGroup section */

/* Begin PBXNativeTarget section */
		45FB564A1EB11C8B00899C92 /* Handy_26Aprile */ = {
			isa = PBXNativeTarget;
			buildConfigurationList = 45FB56731EB11C8B00899C92 /* Build configuration list for PBXNativeTarget "Handy_26Aprile" */;
			buildPhases = (
				5CAA0A5B37E60714A241E23B /* [CP] Check Pods Manifest.lock */,
				45FB56471EB11C8B00899C92 /* Sources */,
				45FB56481EB11C8B00899C92 /* Frameworks */,
				45FB56491EB11C8B00899C92 /* Resources */,
				315E28BF1F78A7A625EEA58B /* [CP] Embed Pods Frameworks */,
				15F968A7A11F16DF77549AF0 /* [CP] Copy Pods Resources */,
			);
			buildRules = (
			);
			dependencies = (
			);
			name = Handy_26Aprile;
			productName = Handy_26Aprile;
			productReference = 45FB564B1EB11C8B00899C92 /* Handy_26Aprile.app */;
			productType = "com.apple.product-type.application";
		};
		45FB565E1EB11C8B00899C92 /* Handy_26AprileTests */ = {
			isa = PBXNativeTarget;
			buildConfigurationList = 45FB56761EB11C8B00899C92 /* Build configuration list for PBXNativeTarget "Handy_26AprileTests" */;
			buildPhases = (
				A9360E4DE25A373F88472CB8 /* [CP] Check Pods Manifest.lock */,
				45FB565B1EB11C8B00899C92 /* Sources */,
				45FB565C1EB11C8B00899C92 /* Frameworks */,
				45FB565D1EB11C8B00899C92 /* Resources */,
				3C0EFCD6B48EB45448384294 /* [CP] Embed Pods Frameworks */,
				F65D4F3434077253180FC475 /* [CP] Copy Pods Resources */,
			);
			buildRules = (
			);
			dependencies = (
				45FB56611EB11C8B00899C92 /* PBXTargetDependency */,
			);
			name = Handy_26AprileTests;
			productName = Handy_26AprileTests;
			productReference = 45FB565F1EB11C8B00899C92 /* Handy_26AprileTests.xctest */;
			productType = "com.apple.product-type.bundle.unit-test";
		};
		45FB56691EB11C8B00899C92 /* Handy_26AprileUITests */ = {
			isa = PBXNativeTarget;
			buildConfigurationList = 45FB56791EB11C8B00899C92 /* Build configuration list for PBXNativeTarget "Handy_26AprileUITests" */;
			buildPhases = (
				497208993F7A0F53AEB3A3E0 /* [CP] Check Pods Manifest.lock */,
				45FB56661EB11C8B00899C92 /* Sources */,
				45FB56671EB11C8B00899C92 /* Frameworks */,
				45FB56681EB11C8B00899C92 /* Resources */,
				54683B402BBF3FE36D61E68D /* [CP] Embed Pods Frameworks */,
				A2853F3C5ED7B38286AC4503 /* [CP] Copy Pods Resources */,
			);
			buildRules = (
			);
			dependencies = (
				45FB566C1EB11C8B00899C92 /* PBXTargetDependency */,
			);
			name = Handy_26AprileUITests;
			productName = Handy_26AprileUITests;
			productReference = 45FB566A1EB11C8B00899C92 /* Handy_26AprileUITests.xctest */;
			productType = "com.apple.product-type.bundle.ui-testing";
		};
/* End PBXNativeTarget section */

/* Begin PBXProject section */
		45FB56431EB11C8B00899C92 /* Project object */ = {
			isa = PBXProject;
			attributes = {
				LastSwiftUpdateCheck = 0830;
				LastUpgradeCheck = 0830;
				ORGANIZATIONNAME = "Federico Cattaneo";
				TargetAttributes = {
					45FB564A1EB11C8B00899C92 = {
						CreatedOnToolsVersion = 8.3.2;
						DevelopmentTeam = 72QJZ463KT;
						LastSwiftMigration = 0830;
						ProvisioningStyle = Automatic;
					};
					45FB565E1EB11C8B00899C92 = {
						CreatedOnToolsVersion = 8.3.2;
						ProvisioningStyle = Automatic;
						TestTargetID = 45FB564A1EB11C8B00899C92;
					};
					45FB56691EB11C8B00899C92 = {
						CreatedOnToolsVersion = 8.3.2;
						ProvisioningStyle = Automatic;
						TestTargetID = 45FB564A1EB11C8B00899C92;
					};
				};
			};
			buildConfigurationList = 45FB56461EB11C8B00899C92 /* Build configuration list for PBXProject "Handy_26Aprile" */;
			compatibilityVersion = "Xcode 3.2";
			developmentRegion = English;
			hasScannedForEncodings = 0;
			knownRegions = (
				en,
				Base,
			);
			mainGroup = 45FB56421EB11C8B00899C92;
			productRefGroup = 45FB564C1EB11C8B00899C92 /* Products */;
			projectDirPath = "";
			projectRoot = "";
			targets = (
				45FB564A1EB11C8B00899C92 /* Handy_26Aprile */,
				45FB565E1EB11C8B00899C92 /* Handy_26AprileTests */,
				45FB56691EB11C8B00899C92 /* Handy_26AprileUITests */,
			);
		};
/* End PBXProject section */

/* Begin PBXResourcesBuildPhase section */
		45FB56491EB11C8B00899C92 /* Resources */ = {
			isa = PBXResourcesBuildPhase;
			buildActionMask = 2147483647;
			files = (
				45736E7F1EF2A21B0072DB63 /* DINPro-Bold.otf in Resources */,
				45FB56591EB11C8B00899C92 /* LaunchScreen.storyboard in Resources */,
				459F18BC1EF53F1F00784EC7 /* VarelaRoundregular.ttf in Resources */,
				45FB56561EB11C8B00899C92 /* Assets.xcassets in Resources */,
				45FB56541EB11C8B00899C92 /* Main.storyboard in Resources */,
				45736E811EF2A21B0072DB63 /* DINPro-Medium.otf in Resources */,
				45736E801EF2A21B0072DB63 /* DINPro-Light.otf in Resources */,
				45736E7E1EF2A21B0072DB63 /* DINPro-Black.otf in Resources */,
				45736E821EF2A21B0072DB63 /* DINPro-Regular.otf in Resources */,
			);
			runOnlyForDeploymentPostprocessing = 0;
		};
		45FB565D1EB11C8B00899C92 /* Resources */ = {
			isa = PBXResourcesBuildPhase;
			buildActionMask = 2147483647;
			files = (
			);
			runOnlyForDeploymentPostprocessing = 0;
		};
		45FB56681EB11C8B00899C92 /* Resources */ = {
			isa = PBXResourcesBuildPhase;
			buildActionMask = 2147483647;
			files = (
			);
			runOnlyForDeploymentPostprocessing = 0;
		};
/* End PBXResourcesBuildPhase section */

/* Begin PBXShellScriptBuildPhase section */
		15F968A7A11F16DF77549AF0 /* [CP] Copy Pods Resources */ = {
			isa = PBXShellScriptBuildPhase;
			buildActionMask = 2147483647;
			files = (
			);
			inputPaths = (
			);
			name = "[CP] Copy Pods Resources";
			outputPaths = (
			);
			runOnlyForDeploymentPostprocessing = 0;
			shellPath = /bin/sh;
			shellScript = "\"${SRCROOT}/Pods/Target Support Files/Pods-Handy_26Aprile/Pods-Handy_26Aprile-resources.sh\"\n";
			showEnvVarsInLog = 0;
		};
		315E28BF1F78A7A625EEA58B /* [CP] Embed Pods Frameworks */ = {
			isa = PBXShellScriptBuildPhase;
			buildActionMask = 2147483647;
			files = (
			);
			inputPaths = (
			);
			name = "[CP] Embed Pods Frameworks";
			outputPaths = (
			);
			runOnlyForDeploymentPostprocessing = 0;
			shellPath = /bin/sh;
			shellScript = "\"${SRCROOT}/Pods/Target Support Files/Pods-Handy_26Aprile/Pods-Handy_26Aprile-frameworks.sh\"\n";
			showEnvVarsInLog = 0;
		};
		3C0EFCD6B48EB45448384294 /* [CP] Embed Pods Frameworks */ = {
			isa = PBXShellScriptBuildPhase;
			buildActionMask = 2147483647;
			files = (
			);
			inputPaths = (
			);
			name = "[CP] Embed Pods Frameworks";
			outputPaths = (
			);
			runOnlyForDeploymentPostprocessing = 0;
			shellPath = /bin/sh;
			shellScript = "\"${SRCROOT}/Pods/Target Support Files/Pods-Handy_26AprileTests/Pods-Handy_26AprileTests-frameworks.sh\"\n";
			showEnvVarsInLog = 0;
		};
		497208993F7A0F53AEB3A3E0 /* [CP] Check Pods Manifest.lock */ = {
			isa = PBXShellScriptBuildPhase;
			buildActionMask = 2147483647;
			files = (
			);
			inputPaths = (
			);
			name = "[CP] Check Pods Manifest.lock";
			outputPaths = (
			);
			runOnlyForDeploymentPostprocessing = 0;
			shellPath = /bin/sh;
			shellScript = "diff \"${PODS_ROOT}/../Podfile.lock\" \"${PODS_ROOT}/Manifest.lock\" > /dev/null\nif [ $? != 0 ] ; then\n    # print error to STDERR\n    echo \"error: The sandbox is not in sync with the Podfile.lock. Run 'pod install' or update your CocoaPods installation.\" >&2\n    exit 1\nfi\n";
			showEnvVarsInLog = 0;
		};
		54683B402BBF3FE36D61E68D /* [CP] Embed Pods Frameworks */ = {
			isa = PBXShellScriptBuildPhase;
			buildActionMask = 2147483647;
			files = (
			);
			inputPaths = (
			);
			name = "[CP] Embed Pods Frameworks";
			outputPaths = (
			);
			runOnlyForDeploymentPostprocessing = 0;
			shellPath = /bin/sh;
			shellScript = "\"${SRCROOT}/Pods/Target Support Files/Pods-Handy_26AprileUITests/Pods-Handy_26AprileUITests-frameworks.sh\"\n";
			showEnvVarsInLog = 0;
		};
		5CAA0A5B37E60714A241E23B /* [CP] Check Pods Manifest.lock */ = {
			isa = PBXShellScriptBuildPhase;
			buildActionMask = 2147483647;
			files = (
			);
			inputPaths = (
			);
			name = "[CP] Check Pods Manifest.lock";
			outputPaths = (
			);
			runOnlyForDeploymentPostprocessing = 0;
			shellPath = /bin/sh;
			shellScript = "diff \"${PODS_ROOT}/../Podfile.lock\" \"${PODS_ROOT}/Manifest.lock\" > /dev/null\nif [ $? != 0 ] ; then\n    # print error to STDERR\n    echo \"error: The sandbox is not in sync with the Podfile.lock. Run 'pod install' or update your CocoaPods installation.\" >&2\n    exit 1\nfi\n";
			showEnvVarsInLog = 0;
		};
		A2853F3C5ED7B38286AC4503 /* [CP] Copy Pods Resources */ = {
			isa = PBXShellScriptBuildPhase;
			buildActionMask = 2147483647;
			files = (
			);
			inputPaths = (
			);
			name = "[CP] Copy Pods Resources";
			outputPaths = (
			);
			runOnlyForDeploymentPostprocessing = 0;
			shellPath = /bin/sh;
			shellScript = "\"${SRCROOT}/Pods/Target Support Files/Pods-Handy_26AprileUITests/Pods-Handy_26AprileUITests-resources.sh\"\n";
			showEnvVarsInLog = 0;
		};
		A9360E4DE25A373F88472CB8 /* [CP] Check Pods Manifest.lock */ = {
			isa = PBXShellScriptBuildPhase;
			buildActionMask = 2147483647;
			files = (
			);
			inputPaths = (
			);
			name = "[CP] Check Pods Manifest.lock";
			outputPaths = (
			);
			runOnlyForDeploymentPostprocessing = 0;
			shellPath = /bin/sh;
			shellScript = "diff \"${PODS_ROOT}/../Podfile.lock\" \"${PODS_ROOT}/Manifest.lock\" > /dev/null\nif [ $? != 0 ] ; then\n    # print error to STDERR\n    echo \"error: The sandbox is not in sync with the Podfile.lock. Run 'pod install' or update your CocoaPods installation.\" >&2\n    exit 1\nfi\n";
			showEnvVarsInLog = 0;
		};
		F65D4F3434077253180FC475 /* [CP] Copy Pods Resources */ = {
			isa = PBXShellScriptBuildPhase;
			buildActionMask = 2147483647;
			files = (
			);
			inputPaths = (
			);
			name = "[CP] Copy Pods Resources";
			outputPaths = (
			);
			runOnlyForDeploymentPostprocessing = 0;
			shellPath = /bin/sh;
			shellScript = "\"${SRCROOT}/Pods/Target Support Files/Pods-Handy_26AprileTests/Pods-Handy_26AprileTests-resources.sh\"\n";
			showEnvVarsInLog = 0;
		};
/* End PBXShellScriptBuildPhase section */

/* Begin PBXSourcesBuildPhase section */
		45FB56471EB11C8B00899C92 /* Sources */ = {
			isa = PBXSourcesBuildPhase;
			buildActionMask = 2147483647;
			files = (
				14A2BCF41EF6867A00976A0D /* LoanController.swift in Sources */,
				45B44AC81EF6DE5700D5661E /* DetailController.swift in Sources */,
				14A2BCF61EF688A300976A0D /* LoanCollection.swift in Sources */,
				45F05F401EB23BF8000F44C6 /* Extensions.swift in Sources */,
				14C74C8F1EF54272005D83D1 /* ReviewsCell.swift in Sources */,
				14E686941EF2A4B2009180A4 /* TabBarController.swift in Sources */,
				45FB564F1EB11C8B00899C92 /* AppDelegate.swift in Sources */,
				146F897E1EE838AD00F00836 /* Constant.swift in Sources */,
				45FB567D1EB126EB00899C92 /* PageCell.swift in Sources */,
				45A1FCDE1EC70B45008CEF45 /* MainNavigationController.swift in Sources */,
				45B44AC61EF6DE4A00D5661E /* DetailCell.swift in Sources */,
				146F89821EE8583300F00836 /* ExploreCell.swift in Sources */,
				14A2BCF21EF685DD00976A0D /* LoanCell.swift in Sources */,
				45A1FCE01EC71CBF008CEF45 /* LoginController.swift in Sources */,
				14B996FD1EE75294003A8D91 /* ExploreController.swift in Sources */,
				14C74C8E1EF54272005D83D1 /* ProfileController.swift in Sources */,
				45FB56811EB152C500899C92 /* Page.swift in Sources */,
				14C74C8D1EF54272005D83D1 /* FullImageController.swift in Sources */,
			);
			runOnlyForDeploymentPostprocessing = 0;
		};
		45FB565B1EB11C8B00899C92 /* Sources */ = {
			isa = PBXSourcesBuildPhase;
			buildActionMask = 2147483647;
			files = (
				45FB56641EB11C8B00899C92 /* Handy_26AprileTests.swift in Sources */,
			);
			runOnlyForDeploymentPostprocessing = 0;
		};
		45FB56661EB11C8B00899C92 /* Sources */ = {
			isa = PBXSourcesBuildPhase;
			buildActionMask = 2147483647;
			files = (
				45FB566F1EB11C8B00899C92 /* Handy_26AprileUITests.swift in Sources */,
			);
			runOnlyForDeploymentPostprocessing = 0;
		};
/* End PBXSourcesBuildPhase section */

/* Begin PBXTargetDependency section */
		45FB56611EB11C8B00899C92 /* PBXTargetDependency */ = {
			isa = PBXTargetDependency;
			target = 45FB564A1EB11C8B00899C92 /* Handy_26Aprile */;
			targetProxy = 45FB56601EB11C8B00899C92 /* PBXContainerItemProxy */;
		};
		45FB566C1EB11C8B00899C92 /* PBXTargetDependency */ = {
			isa = PBXTargetDependency;
			target = 45FB564A1EB11C8B00899C92 /* Handy_26Aprile */;
			targetProxy = 45FB566B1EB11C8B00899C92 /* PBXContainerItemProxy */;
		};
/* End PBXTargetDependency section */

/* Begin PBXVariantGroup section */
		45FB56521EB11C8B00899C92 /* Main.storyboard */ = {
			isa = PBXVariantGroup;
			children = (
				45FB56531EB11C8B00899C92 /* Base */,
			);
			name = Main.storyboard;
			sourceTree = "<group>";
		};
		45FB56571EB11C8B00899C92 /* LaunchScreen.storyboard */ = {
			isa = PBXVariantGroup;
			children = (
				45FB56581EB11C8B00899C92 /* Base */,
			);
			name = LaunchScreen.storyboard;
			sourceTree = "<group>";
		};
/* End PBXVariantGroup section */

/* Begin XCBuildConfiguration section */
		45FB56711EB11C8B00899C92 /* Debug */ = {
			isa = XCBuildConfiguration;
			buildSettings = {
				ALWAYS_SEARCH_USER_PATHS = NO;
				CLANG_ANALYZER_NONNULL = YES;
				CLANG_ANALYZER_NUMBER_OBJECT_CONVERSION = YES_AGGRESSIVE;
				CLANG_CXX_LANGUAGE_STANDARD = "gnu++0x";
				CLANG_CXX_LIBRARY = "libc++";
				CLANG_ENABLE_MODULES = YES;
				CLANG_ENABLE_OBJC_ARC = YES;
				CLANG_WARN_BOOL_CONVERSION = YES;
				CLANG_WARN_CONSTANT_CONVERSION = YES;
				CLANG_WARN_DIRECT_OBJC_ISA_USAGE = YES_ERROR;
				CLANG_WARN_DOCUMENTATION_COMMENTS = YES;
				CLANG_WARN_EMPTY_BODY = YES;
				CLANG_WARN_ENUM_CONVERSION = YES;
				CLANG_WARN_INFINITE_RECURSION = YES;
				CLANG_WARN_INT_CONVERSION = YES;
				CLANG_WARN_OBJC_ROOT_CLASS = YES_ERROR;
				CLANG_WARN_SUSPICIOUS_MOVE = YES;
				CLANG_WARN_UNREACHABLE_CODE = YES;
				CLANG_WARN__DUPLICATE_METHOD_MATCH = YES;
				"CODE_SIGN_IDENTITY[sdk=iphoneos*]" = "iPhone Developer";
				COPY_PHASE_STRIP = NO;
				DEBUG_INFORMATION_FORMAT = dwarf;
				ENABLE_STRICT_OBJC_MSGSEND = YES;
				ENABLE_TESTABILITY = YES;
				GCC_C_LANGUAGE_STANDARD = gnu99;
				GCC_DYNAMIC_NO_PIC = NO;
				GCC_NO_COMMON_BLOCKS = YES;
				GCC_OPTIMIZATION_LEVEL = 0;
				GCC_PREPROCESSOR_DEFINITIONS = (
					"DEBUG=1",
					"$(inherited)",
				);
				GCC_WARN_64_TO_32_BIT_CONVERSION = YES;
				GCC_WARN_ABOUT_RETURN_TYPE = YES_ERROR;
				GCC_WARN_UNDECLARED_SELECTOR = YES;
				GCC_WARN_UNINITIALIZED_AUTOS = YES_AGGRESSIVE;
				GCC_WARN_UNUSED_FUNCTION = YES;
				GCC_WARN_UNUSED_VARIABLE = YES;
				IPHONEOS_DEPLOYMENT_TARGET = 10.3;
				MTL_ENABLE_DEBUG_INFO = YES;
				ONLY_ACTIVE_ARCH = YES;
				SDKROOT = iphoneos;
				SWIFT_ACTIVE_COMPILATION_CONDITIONS = DEBUG;
				SWIFT_OPTIMIZATION_LEVEL = "-Onone";
			};
			name = Debug;
		};
		45FB56721EB11C8B00899C92 /* Release */ = {
			isa = XCBuildConfiguration;
			buildSettings = {
				ALWAYS_SEARCH_USER_PATHS = NO;
				CLANG_ANALYZER_NONNULL = YES;
				CLANG_ANALYZER_NUMBER_OBJECT_CONVERSION = YES_AGGRESSIVE;
				CLANG_CXX_LANGUAGE_STANDARD = "gnu++0x";
				CLANG_CXX_LIBRARY = "libc++";
				CLANG_ENABLE_MODULES = YES;
				CLANG_ENABLE_OBJC_ARC = YES;
				CLANG_WARN_BOOL_CONVERSION = YES;
				CLANG_WARN_CONSTANT_CONVERSION = YES;
				CLANG_WARN_DIRECT_OBJC_ISA_USAGE = YES_ERROR;
				CLANG_WARN_DOCUMENTATION_COMMENTS = YES;
				CLANG_WARN_EMPTY_BODY = YES;
				CLANG_WARN_ENUM_CONVERSION = YES;
				CLANG_WARN_INFINITE_RECURSION = YES;
				CLANG_WARN_INT_CONVERSION = YES;
				CLANG_WARN_OBJC_ROOT_CLASS = YES_ERROR;
				CLANG_WARN_SUSPICIOUS_MOVE = YES;
				CLANG_WARN_UNREACHABLE_CODE = YES;
				CLANG_WARN__DUPLICATE_METHOD_MATCH = YES;
				"CODE_SIGN_IDENTITY[sdk=iphoneos*]" = "iPhone Developer";
				COPY_PHASE_STRIP = NO;
				DEBUG_INFORMATION_FORMAT = "dwarf-with-dsym";
				ENABLE_NS_ASSERTIONS = NO;
				ENABLE_STRICT_OBJC_MSGSEND = YES;
				GCC_C_LANGUAGE_STANDARD = gnu99;
				GCC_NO_COMMON_BLOCKS = YES;
				GCC_WARN_64_TO_32_BIT_CONVERSION = YES;
				GCC_WARN_ABOUT_RETURN_TYPE = YES_ERROR;
				GCC_WARN_UNDECLARED_SELECTOR = YES;
				GCC_WARN_UNINITIALIZED_AUTOS = YES_AGGRESSIVE;
				GCC_WARN_UNUSED_FUNCTION = YES;
				GCC_WARN_UNUSED_VARIABLE = YES;
				IPHONEOS_DEPLOYMENT_TARGET = 10.3;
				MTL_ENABLE_DEBUG_INFO = NO;
				SDKROOT = iphoneos;
				SWIFT_OPTIMIZATION_LEVEL = "-Owholemodule";
				VALIDATE_PRODUCT = YES;
			};
			name = Release;
		};
		45FB56741EB11C8B00899C92 /* Debug */ = {
			isa = XCBuildConfiguration;
			baseConfigurationReference = 4D2FB85B0F1CD60BDFCEB8A3 /* Pods-Handy_26Aprile.debug.xcconfig */;
			buildSettings = {
				ASSETCATALOG_COMPILER_APPICON_NAME = AppIcon;
				DEVELOPMENT_TEAM = 72QJZ463KT;
				ENABLE_BITCODE = NO;
				INFOPLIST_FILE = Handy_26Aprile/Info.plist;
				LD_RUNPATH_SEARCH_PATHS = "$(inherited) @executable_path/Frameworks";
				PRODUCT_BUNDLE_IDENTIFIER = "federico.Handy-test";
				PRODUCT_NAME = "$(TARGET_NAME)";
				SWIFT_VERSION = 3.0;
			};
			name = Debug;
		};
		45FB56751EB11C8B00899C92 /* Release */ = {
			isa = XCBuildConfiguration;
			baseConfigurationReference = B5813AE30ADEC4322CA7B732 /* Pods-Handy_26Aprile.release.xcconfig */;
			buildSettings = {
				ASSETCATALOG_COMPILER_APPICON_NAME = AppIcon;
				DEVELOPMENT_TEAM = 72QJZ463KT;
				ENABLE_BITCODE = NO;
				INFOPLIST_FILE = Handy_26Aprile/Info.plist;
				LD_RUNPATH_SEARCH_PATHS = "$(inherited) @executable_path/Frameworks";
				PRODUCT_BUNDLE_IDENTIFIER = "federico.Handy-test";
				PRODUCT_NAME = "$(TARGET_NAME)";
				SWIFT_VERSION = 3.0;
			};
			name = Release;
		};
		45FB56771EB11C8B00899C92 /* Debug */ = {
			isa = XCBuildConfiguration;
			baseConfigurationReference = A4C97DE1FDC4A8DC03F0D2D9 /* Pods-Handy_26AprileTests.debug.xcconfig */;
			buildSettings = {
				ALWAYS_EMBED_SWIFT_STANDARD_LIBRARIES = YES;
				BUNDLE_LOADER = "$(TEST_HOST)";
				INFOPLIST_FILE = Handy_26AprileTests/Info.plist;
				LD_RUNPATH_SEARCH_PATHS = "$(inherited) @executable_path/Frameworks @loader_path/Frameworks";
				PRODUCT_BUNDLE_IDENTIFIER = "federico.Handy-26AprileTests";
				PRODUCT_NAME = "$(TARGET_NAME)";
				SWIFT_VERSION = 3.0;
				TEST_HOST = "$(BUILT_PRODUCTS_DIR)/Handy_26Aprile.app/Handy_26Aprile";
			};
			name = Debug;
		};
		45FB56781EB11C8B00899C92 /* Release */ = {
			isa = XCBuildConfiguration;
			baseConfigurationReference = 86F085F5EB820055027502AF /* Pods-Handy_26AprileTests.release.xcconfig */;
			buildSettings = {
				ALWAYS_EMBED_SWIFT_STANDARD_LIBRARIES = YES;
				BUNDLE_LOADER = "$(TEST_HOST)";
				INFOPLIST_FILE = Handy_26AprileTests/Info.plist;
				LD_RUNPATH_SEARCH_PATHS = "$(inherited) @executable_path/Frameworks @loader_path/Frameworks";
				PRODUCT_BUNDLE_IDENTIFIER = "federico.Handy-26AprileTests";
				PRODUCT_NAME = "$(TARGET_NAME)";
				SWIFT_VERSION = 3.0;
				TEST_HOST = "$(BUILT_PRODUCTS_DIR)/Handy_26Aprile.app/Handy_26Aprile";
			};
			name = Release;
		};
		45FB567A1EB11C8B00899C92 /* Debug */ = {
			isa = XCBuildConfiguration;
			baseConfigurationReference = 621D6BD366F62C3FB0608DD4 /* Pods-Handy_26AprileUITests.debug.xcconfig */;
			buildSettings = {
				ALWAYS_EMBED_SWIFT_STANDARD_LIBRARIES = YES;
				INFOPLIST_FILE = Handy_26AprileUITests/Info.plist;
				LD_RUNPATH_SEARCH_PATHS = "$(inherited) @executable_path/Frameworks @loader_path/Frameworks";
				PRODUCT_BUNDLE_IDENTIFIER = "federico.Handy-26AprileUITests";
				PRODUCT_NAME = "$(TARGET_NAME)";
				SWIFT_VERSION = 3.0;
				TEST_TARGET_NAME = Handy_26Aprile;
			};
			name = Debug;
		};
		45FB567B1EB11C8B00899C92 /* Release */ = {
			isa = XCBuildConfiguration;
			baseConfigurationReference = F662F5CFFE84C6C4085BB962 /* Pods-Handy_26AprileUITests.release.xcconfig */;
			buildSettings = {
				ALWAYS_EMBED_SWIFT_STANDARD_LIBRARIES = YES;
				INFOPLIST_FILE = Handy_26AprileUITests/Info.plist;
				LD_RUNPATH_SEARCH_PATHS = "$(inherited) @executable_path/Frameworks @loader_path/Frameworks";
				PRODUCT_BUNDLE_IDENTIFIER = "federico.Handy-26AprileUITests";
				PRODUCT_NAME = "$(TARGET_NAME)";
				SWIFT_VERSION = 3.0;
				TEST_TARGET_NAME = Handy_26Aprile;
			};
			name = Release;
		};
/* End XCBuildConfiguration section */

/* Begin XCConfigurationList section */
		45FB56461EB11C8B00899C92 /* Build configuration list for PBXProject "Handy_26Aprile" */ = {
			isa = XCConfigurationList;
			buildConfigurations = (
				45FB56711EB11C8B00899C92 /* Debug */,
				45FB56721EB11C8B00899C92 /* Release */,
			);
			defaultConfigurationIsVisible = 0;
			defaultConfigurationName = Release;
		};
		45FB56731EB11C8B00899C92 /* Build configuration list for PBXNativeTarget "Handy_26Aprile" */ = {
			isa = XCConfigurationList;
			buildConfigurations = (
				45FB56741EB11C8B00899C92 /* Debug */,
				45FB56751EB11C8B00899C92 /* Release */,
			);
			defaultConfigurationIsVisible = 0;
			defaultConfigurationName = Release;
		};
		45FB56761EB11C8B00899C92 /* Build configuration list for PBXNativeTarget "Handy_26AprileTests" */ = {
			isa = XCConfigurationList;
			buildConfigurations = (
				45FB56771EB11C8B00899C92 /* Debug */,
				45FB56781EB11C8B00899C92 /* Release */,
			);
			defaultConfigurationIsVisible = 0;
			defaultConfigurationName = Release;
		};
		45FB56791EB11C8B00899C92 /* Build configuration list for PBXNativeTarget "Handy_26AprileUITests" */ = {
			isa = XCConfigurationList;
			buildConfigurations = (
				45FB567A1EB11C8B00899C92 /* Debug */,
				45FB567B1EB11C8B00899C92 /* Release */,
			);
			defaultConfigurationIsVisible = 0;
			defaultConfigurationName = Release;
		};
/* End XCConfigurationList section */
	};
	rootObject = 45FB56431EB11C8B00899C92 /* Project object */;
}
